{
  "nodes": {
    "calendar": {
      "inputs": {
        "flake-utils": [
          "flake-utils"
        ],
        "nixpkgs": [
          "nixpkgs"
        ]
      },
      "locked": {
        "lastModified": 1750178948,
        "narHash": "sha256-Vi2fM5dQUVH6sJQcTWfDo6sBftWVk6WzfKZ+hi8jF50=",
        "owner": "mow44",
        "repo": "calendar",
        "rev": "ec0b595645fdf4049fed3966fa58a27c3c4a5201",
        "type": "github"
      },
      "original": {
        "owner": "mow44",
        "ref": "main",
        "repo": "calendar",
        "type": "github"
      }
    },
    "catclock": {
      "inputs": {
        "flake-utils": [
          "flake-utils"
        ],
        "nixpkgs": [
          "nixpkgs"
        ]
      },
      "locked": {
        "lastModified": 1750152718,
        "narHash": "sha256-823hJoDjXME2bJovvYazspe3rC9OBobmu00f0r304wo=",
        "owner": "mow44",
        "repo": "catclock",
        "rev": "9d5e7b076d1c77b5d41ece792f1870aee8bc95f3",
        "type": "github"
      },
      "original": {
        "owner": "mow44",
        "ref": "main",
        "repo": "catclock",
        "type": "github"
      }
    },
    "dmenu": {
      "inputs": {
        "nixpkgs": [
          "nixpkgs"
        ]
      },
      "locked": {
        "lastModified": 1748011482,
        "narHash": "sha256-l1MCComVQURjTeZAfsxPOlU8spXGV7UTqA0kKwaSM14=",
        "owner": "mow44",
        "repo": "dmenu",
        "rev": "d33926ef1e487a6d07e694198fd74029d2e6e02e",
        "type": "github"
      },
      "original": {
        "owner": "mow44",
        "ref": "main",
        "repo": "dmenu",
        "type": "github"
      }
    },
    "flake-utils": {
      "inputs": {
        "systems": "systems"
      },
      "locked": {
        "lastModified": 1731533236,
        "narHash": "sha256-l0KFg5HjrsfsO/JpG+r7fRrqm12kzFHyUHqHCVpMMbI=",
        "owner": "numtide",
        "repo": "flake-utils",
        "rev": "11707dc2f618dd54ca8739b309ec4fc024de578b",
        "type": "github"
      },
      "original": {
        "owner": "numtide",
        "repo": "flake-utils",
        "type": "github"
      }
    },
    "nixpkgs": {
      "locked": {
        "lastModified": 1747744144,
        "narHash": "sha256-W7lqHp0qZiENCDwUZ5EX/lNhxjMdNapFnbErcbnP11Q=",
        "owner": "nixos",
        "repo": "nixpkgs",
        "rev": "2795c506fe8fb7b03c36ccb51f75b6df0ab2553f",
        "type": "github"
      },
      "original": {
        "owner": "nixos",
        "ref": "nixos-unstable",
        "repo": "nixpkgs",
        "type": "github"
      }
    },
    "root": {
      "inputs": {
        "calendar": "calendar",
        "catclock": "catclock",
        "dmenu": "dmenu",
        "flake-utils": "flake-utils",
        "nixpkgs": "nixpkgs",
        "themes": "themes",
        "uxn11": "uxn11"
      }
    },
    "systems": {
      "locked": {
        "lastModified": 1681028828,
        "narHash": "sha256-Vy1rq5AaRuLzOxct8nz4T6wlgyUR7zLU309k9mBC768=",
        "owner": "nix-systems",
        "repo": "default",
        "rev": "da67096a3b9bf56a91d16901293e51ba5b49a27e",
        "type": "github"
      },
      "original": {
        "owner": "nix-systems",
        "repo": "default",
        "type": "github"
      }
    },
    "themes": {
      "inputs": {
        "flake-utils": [
          "flake-utils"
        ],
        "nixpkgs": [
          "nixpkgs"
        ]
      },
      "locked": {
        "lastModified": 1750180758,
        "narHash": "sha256-RyZQhBv0eXjK71OBfMMSfhhsQrPkWeylVeLqL9jnWRI=",
        "owner": "mow44",
        "repo": "themes",
        "rev": "a7d9c3f3aae8c85b819d8f074358d463957287dd",
        "type": "github"
      },
      "original": {
        "owner": "mow44",
        "ref": "main",
        "repo": "themes",
        "type": "github"
      }
    },
    "uxn11": {
      "inputs": {
        "flake-utils": [
          "flake-utils"
        ],
        "nixpkgs": [
          "nixpkgs"
        ]
      },
      "locked": {
        "lastModified": 1750150715,
        "narHash": "sha256-sYM7qpX4+/Zh15XvSKDhizz685YMGGhT3tsTEAKhWWY=",
        "owner": "mow44",
        "repo": "uxn11",
        "rev": "5f5a53504335649d544884bf9898fb8dd0d5fc70",
        "type": "github"
      },
      "original": {
        "owner": "mow44",
        "ref": "main",
        "repo": "uxn11",
        "type": "github"
      }
    }
  },
  "root": "root",
  "version": 7
}
