{
  "nodes": {
    "calendar": {
      "inputs": {
        "flake-utils": [
          "flake-utils"
        ],
        "nixpkgs": [
          "nixpkgs"
        ]
      },
      "locked": {
        "lastModified": 1750178948,
        "narHash": "sha256-Vi2fM5dQUVH6sJQcTWfDo6sBftWVk6WzfKZ+hi8jF50=",
        "owner": "mow44",
        "repo": "calendar",
        "rev": "ec0b595645fdf4049fed3966fa58a27c3c4a5201",
        "type": "github"
      },
      "original": {
        "owner": "mow44",
        "ref": "main",
        "repo": "calendar",
        "type": "github"
      }
    },
    "catclock": {
      "inputs": {
        "flake-utils": [
          "flake-utils"
        ],
        "nixpkgs": [
          "nixpkgs"
        ]
      },
      "locked": {
        "lastModified": 1750184975,
        "narHash": "sha256-3RrRCiCzY0CnowKY4AfJMJb1T2vHYHabqaQeJp8H8FA=",
        "owner": "mow44",
        "repo": "catclock",
        "rev": "ddc7fd960157198190d0604c4885a8f3f30982a2",
        "type": "github"
      },
      "original": {
        "owner": "mow44",
        "ref": "main",
        "repo": "catclock",
        "type": "github"
      }
    },
    "dexe": {
      "inputs": {
        "flake-utils": [
          "flake-utils"
        ],
        "nixpkgs": [
          "nixpkgs"
        ]
      },
      "locked": {
        "lastModified": 1750240266,
        "narHash": "sha256-j/Aj7CPgdx2zFHdWR1Bz7fMlNiMmYQGaxkfGKeMabL0=",
        "owner": "mow44",
        "repo": "dexe",
        "rev": "948d2f78f7f8e402558fa8d5a32d90eab778cf2b",
        "type": "github"
      },
      "original": {
        "owner": "mow44",
        "ref": "main",
        "repo": "dexe",
        "type": "github"
      }
    },
    "dmenu": {
      "inputs": {
        "nixpkgs": [
          "nixpkgs"
        ]
      },
      "locked": {
        "lastModified": 1748011482,
        "narHash": "sha256-l1MCComVQURjTeZAfsxPOlU8spXGV7UTqA0kKwaSM14=",
        "owner": "mow44",
        "repo": "dmenu",
        "rev": "d33926ef1e487a6d07e694198fd74029d2e6e02e",
        "type": "github"
      },
      "original": {
        "owner": "mow44",
        "ref": "main",
        "repo": "dmenu",
        "type": "github"
      }
    },
    "donsol": {
      "inputs": {
        "flake-utils": [
          "flake-utils"
        ],
        "nixpkgs": [
          "nixpkgs"
        ]
      },
      "locked": {
        "lastModified": 1750240568,
        "narHash": "sha256-A3ndnKc/XsBCV0Yhe8CwLq25tRMLdJa2SqAHe3+y6ac=",
        "owner": "mow44",
        "repo": "donsol",
        "rev": "b0eb16595d1558faa5d87f1086172b6dc3d026e2",
        "type": "github"
      },
      "original": {
        "owner": "mow44",
        "ref": "main",
        "repo": "donsol",
        "type": "github"
      }
    },
    "flake-utils": {
      "inputs": {
        "systems": "systems"
      },
      "locked": {
        "lastModified": 1731533236,
        "narHash": "sha256-l0KFg5HjrsfsO/JpG+r7fRrqm12kzFHyUHqHCVpMMbI=",
        "owner": "numtide",
        "repo": "flake-utils",
        "rev": "11707dc2f618dd54ca8739b309ec4fc024de578b",
        "type": "github"
      },
      "original": {
        "owner": "numtide",
        "repo": "flake-utils",
        "type": "github"
      }
    },
    "import-cargo": {
      "locked": {
        "lastModified": 1594305518,
        "narHash": "sha256-frtArgN42rSaEcEOYWg8sVPMUK+Zgch3c+wejcpX3DY=",
        "owner": "edolstra",
        "repo": "import-cargo",
        "rev": "25d40be4a73d40a2572e0cc233b83253554f06c5",
        "type": "github"
      },
      "original": {
        "owner": "edolstra",
        "repo": "import-cargo",
        "type": "github"
      }
    },
    "locker": {
      "inputs": {
        "import-cargo": "import-cargo",
        "nixpkgs": [
          "nixpkgs"
        ]
      },
      "locked": {
        "lastModified": 1750868238,
        "narHash": "sha256-uwOGRrl5XU2ECbIGEvigibM/HKuMu4eorh14M5UAtCM=",
        "owner": "mow44",
        "repo": "locker",
        "rev": "62d90fcceb959adc7230b1077ed5c3c5c30e62d8",
        "type": "github"
      },
      "original": {
        "owner": "mow44",
        "ref": "main",
        "repo": "locker",
        "type": "github"
      }
    },
    "nixpkgs": {
      "locked": {
        "lastModified": 1749794982,
        "narHash": "sha256-Kh9K4taXbVuaLC0IL+9HcfvxsSUx8dPB5s5weJcc9pc=",
        "owner": "nixos",
        "repo": "nixpkgs",
        "rev": "ee930f9755f58096ac6e8ca94a1887e0534e2d81",
        "type": "github"
      },
      "original": {
        "owner": "nixos",
        "ref": "nixos-unstable",
        "repo": "nixpkgs",
        "type": "github"
      }
    },
    "noodle": {
      "inputs": {
        "flake-utils": [
          "flake-utils"
        ],
        "nixpkgs": [
          "nixpkgs"
        ]
      },
      "locked": {
        "lastModified": 1750240704,
        "narHash": "sha256-EqdUFltzfXPFW95lKxjKENJ3YmEAVDXpxHua6ztYNjQ=",
        "owner": "mow44",
        "repo": "noodle",
        "rev": "cb7f1df5488b753b3b3164d05eece082274e6e00",
        "type": "github"
      },
      "original": {
        "owner": "mow44",
        "ref": "main",
        "repo": "noodle",
        "type": "github"
      }
    },
    "root": {
      "inputs": {
        "calendar": "calendar",
        "catclock": "catclock",
        "dexe": "dexe",
        "dmenu": "dmenu",
        "donsol": "donsol",
        "flake-utils": "flake-utils",
        "locker": "locker",
        "nixpkgs": "nixpkgs",
        "noodle": "noodle",
        "uxn11": "uxn11"
      }
    },
    "systems": {
      "locked": {
        "lastModified": 1681028828,
        "narHash": "sha256-Vy1rq5AaRuLzOxct8nz4T6wlgyUR7zLU309k9mBC768=",
        "owner": "nix-systems",
        "repo": "default",
        "rev": "da67096a3b9bf56a91d16901293e51ba5b49a27e",
        "type": "github"
      },
      "original": {
        "owner": "nix-systems",
        "repo": "default",
        "type": "github"
      }
    },
    "uxn11": {
      "inputs": {
        "flake-utils": [
          "flake-utils"
        ],
        "nixpkgs": [
          "nixpkgs"
        ]
      },
      "locked": {
        "lastModified": 1750150715,
        "narHash": "sha256-sYM7qpX4+/Zh15XvSKDhizz685YMGGhT3tsTEAKhWWY=",
        "owner": "mow44",
        "repo": "uxn11",
        "rev": "5f5a53504335649d544884bf9898fb8dd0d5fc70",
        "type": "github"
      },
      "original": {
        "owner": "mow44",
        "ref": "main",
        "repo": "uxn11",
        "type": "github"
      }
    }
  },
  "root": "root",
  "version": 7
}
